
Microsoft Visual Studio Solution File, Format Version 12.00
# Visual Studio 14
VisualStudioVersion = 14.0.25420.1
MinimumVisualStudioVersion = 10.0.40219.1
Project("{FAE04EC0-301F-11D3-BF4B-00C04F79EFBC}") = "XamFormsWpf.Droid", "XamFormsWpf\XamFormsWpf.Droid\XamFormsWpf.Droid.csproj", "{46E21CAB-3778-491B-AC2D-8BBE7E0BBDA3}"
EndProject
Project("{FAE04EC0-301F-11D3-BF4B-00C04F79EFBC}") = "XamFormsWpf.iOS", "XamFormsWpf\XamFormsWpf.iOS\XamFormsWpf.iOS.csproj", "{AB00C78B-F016-4B8C-BA23-747B527CF5CD}"
EndProject
Project("{FAE04EC0-301F-11D3-BF4B-00C04F79EFBC}") = "XamFormsWpf.WinPhone", "XamFormsWpf\XamFormsWpf.WinPhone\XamFormsWpf.WinPhone.csproj", "{0FE69598-F65E-40D5-AED2-DD4DFE89A349}"
EndProject
Project("{FAE04EC0-301F-11D3-BF4B-00C04F79EFBC}") = "XamFormsWpf.UWP", "XamFormsWpf\XamFormsWpf.UWP\XamFormsWpf.UWP.csproj", "{5D82D966-3A54-4525-8C38-4E2B85AA00F2}"
EndProject
Project("{FAE04EC0-301F-11D3-BF4B-00C04F79EFBC}") = "XamFormsWpf.Windows", "XamFormsWpf\XamFormsWpf.Windows\XamFormsWpf.Windows.csproj", "{814E6481-D20C-46D1-890A-CB7C9B4CAB86}"
EndProject
Project("{FAE04EC0-301F-11D3-BF4B-00C04F79EFBC}") = "XamFormsWpf.Core.Forms", "XamFormsWpf\XamFormsWpf\XamFormsWpf.Core.Forms.csproj", "{90224353-E8A8-4433-9185-3FCCB9F50862}"
EndProject
Project("{FAE04EC0-301F-11D3-BF4B-00C04F79EFBC}") = "XamFormsWpf.WPF", "XamFormsWpf\XamFormsWpf.WPF\XamFormsWpf.WPF.csproj", "{9F077FCB-B65D-407D-8C23-1B02260A40C9}"
EndProject
Project("{FAE04EC0-301F-11D3-BF4B-00C04F79EFBC}") = "XamFormsWpf.Core", "XamFormsWpf\XamFormsWpf.Core\XamFormsWpf.Core.csproj", "{4B6A7242-35F0-49C3-A712-9935011248FF}"
EndProject
Global
	GlobalSection(SolutionConfigurationPlatforms) = preSolution
		Ad-Hoc|Any CPU = Ad-Hoc|Any CPU
		Ad-Hoc|ARM = Ad-Hoc|ARM
		Ad-Hoc|iPhone = Ad-Hoc|iPhone
		Ad-Hoc|iPhoneSimulator = Ad-Hoc|iPhoneSimulator
		Ad-Hoc|x64 = Ad-Hoc|x64
		Ad-Hoc|x86 = Ad-Hoc|x86
		AppStore|Any CPU = AppStore|Any CPU
		AppStore|ARM = AppStore|ARM
		AppStore|iPhone = AppStore|iPhone
		AppStore|iPhoneSimulator = AppStore|iPhoneSimulator
		AppStore|x64 = AppStore|x64
		AppStore|x86 = AppStore|x86
		Debug|Any CPU = Debug|Any CPU
		Debug|ARM = Debug|ARM
		Debug|iPhone = Debug|iPhone
		Debug|iPhoneSimulator = Debug|iPhoneSimulator
		Debug|x64 = Debug|x64
		Debug|x86 = Debug|x86
		Release|Any CPU = Release|Any CPU
		Release|ARM = Release|ARM
		Release|iPhone = Release|iPhone
		Release|iPhoneSimulator = Release|iPhoneSimulator
		Release|x64 = Release|x64
		Release|x86 = Release|x86
	EndGlobalSection
	GlobalSection(ProjectConfigurationPlatforms) = postSolution
		{46E21CAB-3778-491B-AC2D-8BBE7E0BBDA3}.Ad-Hoc|Any CPU.ActiveCfg = Release|Any CPU
		{46E21CAB-3778-491B-AC2D-8BBE7E0BBDA3}.Ad-Hoc|Any CPU.Build.0 = Release|Any CPU
		{46E21CAB-3778-491B-AC2D-8BBE7E0BBDA3}.Ad-Hoc|Any CPU.Deploy.0 = Release|Any CPU
		{46E21CAB-3778-491B-AC2D-8BBE7E0BBDA3}.Ad-Hoc|ARM.ActiveCfg = Release|Any CPU
		{46E21CAB-3778-491B-AC2D-8BBE7E0BBDA3}.Ad-Hoc|ARM.Build.0 = Release|Any CPU
		{46E21CAB-3778-491B-AC2D-8BBE7E0BBDA3}.Ad-Hoc|ARM.Deploy.0 = Release|Any CPU
		{46E21CAB-3778-491B-AC2D-8BBE7E0BBDA3}.Ad-Hoc|iPhone.ActiveCfg = Release|Any CPU
		{46E21CAB-3778-491B-AC2D-8BBE7E0BBDA3}.Ad-Hoc|iPhone.Build.0 = Release|Any CPU
		{46E21CAB-3778-491B-AC2D-8BBE7E0BBDA3}.Ad-Hoc|iPhone.Deploy.0 = Release|Any CPU
		{46E21CAB-3778-491B-AC2D-8BBE7E0BBDA3}.Ad-Hoc|iPhoneSimulator.ActiveCfg = Release|Any CPU
		{46E21CAB-3778-491B-AC2D-8BBE7E0BBDA3}.Ad-Hoc|iPhoneSimulator.Build.0 = Release|Any CPU
		{46E21CAB-3778-491B-AC2D-8BBE7E0BBDA3}.Ad-Hoc|iPhoneSimulator.Deploy.0 = Release|Any CPU
		{46E21CAB-3778-491B-AC2D-8BBE7E0BBDA3}.Ad-Hoc|x64.ActiveCfg = Release|Any CPU
		{46E21CAB-3778-491B-AC2D-8BBE7E0BBDA3}.Ad-Hoc|x64.Build.0 = Release|Any CPU
		{46E21CAB-3778-491B-AC2D-8BBE7E0BBDA3}.Ad-Hoc|x64.Deploy.0 = Release|Any CPU
		{46E21CAB-3778-491B-AC2D-8BBE7E0BBDA3}.Ad-Hoc|x86.ActiveCfg = Release|Any CPU
		{46E21CAB-3778-491B-AC2D-8BBE7E0BBDA3}.Ad-Hoc|x86.Build.0 = Release|Any CPU
		{46E21CAB-3778-491B-AC2D-8BBE7E0BBDA3}.Ad-Hoc|x86.Deploy.0 = Release|Any CPU
		{46E21CAB-3778-491B-AC2D-8BBE7E0BBDA3}.AppStore|Any CPU.ActiveCfg = Release|Any CPU
		{46E21CAB-3778-491B-AC2D-8BBE7E0BBDA3}.AppStore|Any CPU.Build.0 = Release|Any CPU
		{46E21CAB-3778-491B-AC2D-8BBE7E0BBDA3}.AppStore|Any CPU.Deploy.0 = Release|Any CPU
		{46E21CAB-3778-491B-AC2D-8BBE7E0BBDA3}.AppStore|ARM.ActiveCfg = Release|Any CPU
		{46E21CAB-3778-491B-AC2D-8BBE7E0BBDA3}.AppStore|ARM.Build.0 = Release|Any CPU
		{46E21CAB-3778-491B-AC2D-8BBE7E0BBDA3}.AppStore|ARM.Deploy.0 = Release|Any CPU
		{46E21CAB-3778-491B-AC2D-8BBE7E0BBDA3}.AppStore|iPhone.ActiveCfg = Release|Any CPU
		{46E21CAB-3778-491B-AC2D-8BBE7E0BBDA3}.AppStore|iPhone.Build.0 = Release|Any CPU
		{46E21CAB-3778-491B-AC2D-8BBE7E0BBDA3}.AppStore|iPhone.Deploy.0 = Release|Any CPU
		{46E21CAB-3778-491B-AC2D-8BBE7E0BBDA3}.AppStore|iPhoneSimulator.ActiveCfg = Release|Any CPU
		{46E21CAB-3778-491B-AC2D-8BBE7E0BBDA3}.AppStore|iPhoneSimulator.Build.0 = Release|Any CPU
		{46E21CAB-3778-491B-AC2D-8BBE7E0BBDA3}.AppStore|iPhoneSimulator.Deploy.0 = Release|Any CPU
		{46E21CAB-3778-491B-AC2D-8BBE7E0BBDA3}.AppStore|x64.ActiveCfg = Release|Any CPU
		{46E21CAB-3778-491B-AC2D-8BBE7E0BBDA3}.AppStore|x64.Build.0 = Release|Any CPU
		{46E21CAB-3778-491B-AC2D-8BBE7E0BBDA3}.AppStore|x64.Deploy.0 = Release|Any CPU
		{46E21CAB-3778-491B-AC2D-8BBE7E0BBDA3}.AppStore|x86.ActiveCfg = Release|Any CPU
		{46E21CAB-3778-491B-AC2D-8BBE7E0BBDA3}.AppStore|x86.Build.0 = Release|Any CPU
		{46E21CAB-3778-491B-AC2D-8BBE7E0BBDA3}.AppStore|x86.Deploy.0 = Release|Any CPU
		{46E21CAB-3778-491B-AC2D-8BBE7E0BBDA3}.Debug|Any CPU.ActiveCfg = Debug|Any CPU
		{46E21CAB-3778-491B-AC2D-8BBE7E0BBDA3}.Debug|Any CPU.Build.0 = Debug|Any CPU
		{46E21CAB-3778-491B-AC2D-8BBE7E0BBDA3}.Debug|Any CPU.Deploy.0 = Debug|Any CPU
		{46E21CAB-3778-491B-AC2D-8BBE7E0BBDA3}.Debug|ARM.ActiveCfg = Debug|Any CPU
		{46E21CAB-3778-491B-AC2D-8BBE7E0BBDA3}.Debug|ARM.Build.0 = Debug|Any CPU
		{46E21CAB-3778-491B-AC2D-8BBE7E0BBDA3}.Debug|ARM.Deploy.0 = Debug|Any CPU
		{46E21CAB-3778-491B-AC2D-8BBE7E0BBDA3}.Debug|iPhone.ActiveCfg = Debug|Any CPU
		{46E21CAB-3778-491B-AC2D-8BBE7E0BBDA3}.Debug|iPhone.Build.0 = Debug|Any CPU
		{46E21CAB-3778-491B-AC2D-8BBE7E0BBDA3}.Debug|iPhone.Deploy.0 = Debug|Any CPU
		{46E21CAB-3778-491B-AC2D-8BBE7E0BBDA3}.Debug|iPhoneSimulator.ActiveCfg = Debug|Any CPU
		{46E21CAB-3778-491B-AC2D-8BBE7E0BBDA3}.Debug|iPhoneSimulator.Build.0 = Debug|Any CPU
		{46E21CAB-3778-491B-AC2D-8BBE7E0BBDA3}.Debug|iPhoneSimulator.Deploy.0 = Debug|Any CPU
		{46E21CAB-3778-491B-AC2D-8BBE7E0BBDA3}.Debug|x64.ActiveCfg = Debug|Any CPU
		{46E21CAB-3778-491B-AC2D-8BBE7E0BBDA3}.Debug|x64.Build.0 = Debug|Any CPU
		{46E21CAB-3778-491B-AC2D-8BBE7E0BBDA3}.Debug|x64.Deploy.0 = Debug|Any CPU
		{46E21CAB-3778-491B-AC2D-8BBE7E0BBDA3}.Debug|x86.ActiveCfg = Debug|Any CPU
		{46E21CAB-3778-491B-AC2D-8BBE7E0BBDA3}.Debug|x86.Build.0 = Debug|Any CPU
		{46E21CAB-3778-491B-AC2D-8BBE7E0BBDA3}.Debug|x86.Deploy.0 = Debug|Any CPU
		{46E21CAB-3778-491B-AC2D-8BBE7E0BBDA3}.Release|Any CPU.ActiveCfg = Release|Any CPU
		{46E21CAB-3778-491B-AC2D-8BBE7E0BBDA3}.Release|Any CPU.Build.0 = Release|Any CPU
		{46E21CAB-3778-491B-AC2D-8BBE7E0BBDA3}.Release|Any CPU.Deploy.0 = Release|Any CPU
		{46E21CAB-3778-491B-AC2D-8BBE7E0BBDA3}.Release|ARM.ActiveCfg = Release|Any CPU
		{46E21CAB-3778-491B-AC2D-8BBE7E0BBDA3}.Release|ARM.Build.0 = Release|Any CPU
		{46E21CAB-3778-491B-AC2D-8BBE7E0BBDA3}.Release|ARM.Deploy.0 = Release|Any CPU
		{46E21CAB-3778-491B-AC2D-8BBE7E0BBDA3}.Release|iPhone.ActiveCfg = Release|Any CPU
		{46E21CAB-3778-491B-AC2D-8BBE7E0BBDA3}.Release|iPhone.Build.0 = Release|Any CPU
		{46E21CAB-3778-491B-AC2D-8BBE7E0BBDA3}.Release|iPhone.Deploy.0 = Release|Any CPU
		{46E21CAB-3778-491B-AC2D-8BBE7E0BBDA3}.Release|iPhoneSimulator.ActiveCfg = Release|Any CPU
		{46E21CAB-3778-491B-AC2D-8BBE7E0BBDA3}.Release|iPhoneSimulator.Build.0 = Release|Any CPU
		{46E21CAB-3778-491B-AC2D-8BBE7E0BBDA3}.Release|iPhoneSimulator.Deploy.0 = Release|Any CPU
		{46E21CAB-3778-491B-AC2D-8BBE7E0BBDA3}.Release|x64.ActiveCfg = Release|Any CPU
		{46E21CAB-3778-491B-AC2D-8BBE7E0BBDA3}.Release|x64.Build.0 = Release|Any CPU
		{46E21CAB-3778-491B-AC2D-8BBE7E0BBDA3}.Release|x64.Deploy.0 = Release|Any CPU
		{46E21CAB-3778-491B-AC2D-8BBE7E0BBDA3}.Release|x86.ActiveCfg = Release|Any CPU
		{46E21CAB-3778-491B-AC2D-8BBE7E0BBDA3}.Release|x86.Build.0 = Release|Any CPU
		{46E21CAB-3778-491B-AC2D-8BBE7E0BBDA3}.Release|x86.Deploy.0 = Release|Any CPU
		{AB00C78B-F016-4B8C-BA23-747B527CF5CD}.Ad-Hoc|Any CPU.ActiveCfg = Ad-Hoc|iPhone
		{AB00C78B-F016-4B8C-BA23-747B527CF5CD}.Ad-Hoc|ARM.ActiveCfg = Ad-Hoc|iPhone
		{AB00C78B-F016-4B8C-BA23-747B527CF5CD}.Ad-Hoc|iPhone.ActiveCfg = Ad-Hoc|iPhone
		{AB00C78B-F016-4B8C-BA23-747B527CF5CD}.Ad-Hoc|iPhone.Build.0 = Ad-Hoc|iPhone
		{AB00C78B-F016-4B8C-BA23-747B527CF5CD}.Ad-Hoc|iPhoneSimulator.ActiveCfg = Ad-Hoc|iPhoneSimulator
		{AB00C78B-F016-4B8C-BA23-747B527CF5CD}.Ad-Hoc|iPhoneSimulator.Build.0 = Ad-Hoc|iPhoneSimulator
		{AB00C78B-F016-4B8C-BA23-747B527CF5CD}.Ad-Hoc|x64.ActiveCfg = Ad-Hoc|iPhone
		{AB00C78B-F016-4B8C-BA23-747B527CF5CD}.Ad-Hoc|x86.ActiveCfg = Ad-Hoc|iPhone
		{AB00C78B-F016-4B8C-BA23-747B527CF5CD}.AppStore|Any CPU.ActiveCfg = AppStore|iPhone
		{AB00C78B-F016-4B8C-BA23-747B527CF5CD}.AppStore|ARM.ActiveCfg = AppStore|iPhone
		{AB00C78B-F016-4B8C-BA23-747B527CF5CD}.AppStore|iPhone.ActiveCfg = AppStore|iPhone
		{AB00C78B-F016-4B8C-BA23-747B527CF5CD}.AppStore|iPhone.Build.0 = AppStore|iPhone
		{AB00C78B-F016-4B8C-BA23-747B527CF5CD}.AppStore|iPhoneSimulator.ActiveCfg = AppStore|iPhoneSimulator
		{AB00C78B-F016-4B8C-BA23-747B527CF5CD}.AppStore|iPhoneSimulator.Build.0 = AppStore|iPhoneSimulator
		{AB00C78B-F016-4B8C-BA23-747B527CF5CD}.AppStore|x64.ActiveCfg = AppStore|iPhone
		{AB00C78B-F016-4B8C-BA23-747B527CF5CD}.AppStore|x86.ActiveCfg = AppStore|iPhone
		{AB00C78B-F016-4B8C-BA23-747B527CF5CD}.Debug|Any CPU.ActiveCfg = Debug|iPhone
		{AB00C78B-F016-4B8C-BA23-747B527CF5CD}.Debug|ARM.ActiveCfg = Debug|iPhone
		{AB00C78B-F016-4B8C-BA23-747B527CF5CD}.Debug|iPhone.ActiveCfg = Debug|iPhone
		{AB00C78B-F016-4B8C-BA23-747B527CF5CD}.Debug|iPhone.Build.0 = Debug|iPhone
		{AB00C78B-F016-4B8C-BA23-747B527CF5CD}.Debug|iPhoneSimulator.ActiveCfg = Debug|iPhoneSimulator
		{AB00C78B-F016-4B8C-BA23-747B527CF5CD}.Debug|iPhoneSimulator.Build.0 = Debug|iPhoneSimulator
		{AB00C78B-F016-4B8C-BA23-747B527CF5CD}.Debug|x64.ActiveCfg = Debug|iPhone
		{AB00C78B-F016-4B8C-BA23-747B527CF5CD}.Debug|x86.ActiveCfg = Debug|iPhone
		{AB00C78B-F016-4B8C-BA23-747B527CF5CD}.Release|Any CPU.ActiveCfg = Release|iPhone
		{AB00C78B-F016-4B8C-BA23-747B527CF5CD}.Release|ARM.ActiveCfg = Release|iPhone
		{AB00C78B-F016-4B8C-BA23-747B527CF5CD}.Release|iPhone.ActiveCfg = Release|iPhone
		{AB00C78B-F016-4B8C-BA23-747B527CF5CD}.Release|iPhone.Build.0 = Release|iPhone
		{AB00C78B-F016-4B8C-BA23-747B527CF5CD}.Release|iPhoneSimulator.ActiveCfg = Release|iPhoneSimulator
		{AB00C78B-F016-4B8C-BA23-747B527CF5CD}.Release|iPhoneSimulator.Build.0 = Release|iPhoneSimulator
		{AB00C78B-F016-4B8C-BA23-747B527CF5CD}.Release|x64.ActiveCfg = Release|iPhone
		{AB00C78B-F016-4B8C-BA23-747B527CF5CD}.Release|x86.ActiveCfg = Release|iPhone
		{0FE69598-F65E-40D5-AED2-DD4DFE89A349}.Ad-Hoc|Any CPU.ActiveCfg = Release|Any CPU
		{0FE69598-F65E-40D5-AED2-DD4DFE89A349}.Ad-Hoc|Any CPU.Build.0 = Release|Any CPU
		{0FE69598-F65E-40D5-AED2-DD4DFE89A349}.Ad-Hoc|Any CPU.Deploy.0 = Release|Any CPU
		{0FE69598-F65E-40D5-AED2-DD4DFE89A349}.Ad-Hoc|ARM.ActiveCfg = Release|ARM
		{0FE69598-F65E-40D5-AED2-DD4DFE89A349}.Ad-Hoc|ARM.Build.0 = Release|ARM
		{0FE69598-F65E-40D5-AED2-DD4DFE89A349}.Ad-Hoc|ARM.Deploy.0 = Release|ARM
		{0FE69598-F65E-40D5-AED2-DD4DFE89A349}.Ad-Hoc|iPhone.ActiveCfg = Release|Any CPU
		{0FE69598-F65E-40D5-AED2-DD4DFE89A349}.Ad-Hoc|iPhone.Build.0 = Release|Any CPU
		{0FE69598-F65E-40D5-AED2-DD4DFE89A349}.Ad-Hoc|iPhone.Deploy.0 = Release|Any CPU
		{0FE69598-F65E-40D5-AED2-DD4DFE89A349}.Ad-Hoc|iPhoneSimulator.ActiveCfg = Release|Any CPU
		{0FE69598-F65E-40D5-AED2-DD4DFE89A349}.Ad-Hoc|iPhoneSimulator.Build.0 = Release|Any CPU
		{0FE69598-F65E-40D5-AED2-DD4DFE89A349}.Ad-Hoc|iPhoneSimulator.Deploy.0 = Release|Any CPU
		{0FE69598-F65E-40D5-AED2-DD4DFE89A349}.Ad-Hoc|x64.ActiveCfg = Release|Any CPU
		{0FE69598-F65E-40D5-AED2-DD4DFE89A349}.Ad-Hoc|x64.Build.0 = Release|Any CPU
		{0FE69598-F65E-40D5-AED2-DD4DFE89A349}.Ad-Hoc|x64.Deploy.0 = Release|Any CPU
		{0FE69598-F65E-40D5-AED2-DD4DFE89A349}.Ad-Hoc|x86.ActiveCfg = Release|x86
		{0FE69598-F65E-40D5-AED2-DD4DFE89A349}.Ad-Hoc|x86.Build.0 = Release|x86
		{0FE69598-F65E-40D5-AED2-DD4DFE89A349}.Ad-Hoc|x86.Deploy.0 = Release|x86
		{0FE69598-F65E-40D5-AED2-DD4DFE89A349}.AppStore|Any CPU.ActiveCfg = Release|Any CPU
		{0FE69598-F65E-40D5-AED2-DD4DFE89A349}.AppStore|Any CPU.Build.0 = Release|Any CPU
		{0FE69598-F65E-40D5-AED2-DD4DFE89A349}.AppStore|Any CPU.Deploy.0 = Release|Any CPU
		{0FE69598-F65E-40D5-AED2-DD4DFE89A349}.AppStore|ARM.ActiveCfg = Release|ARM
		{0FE69598-F65E-40D5-AED2-DD4DFE89A349}.AppStore|ARM.Build.0 = Release|ARM
		{0FE69598-F65E-40D5-AED2-DD4DFE89A349}.AppStore|ARM.Deploy.0 = Release|ARM
		{0FE69598-F65E-40D5-AED2-DD4DFE89A349}.AppStore|iPhone.ActiveCfg = Release|Any CPU
		{0FE69598-F65E-40D5-AED2-DD4DFE89A349}.AppStore|iPhone.Build.0 = Release|Any CPU
		{0FE69598-F65E-40D5-AED2-DD4DFE89A349}.AppStore|iPhone.Deploy.0 = Release|Any CPU
		{0FE69598-F65E-40D5-AED2-DD4DFE89A349}.AppStore|iPhoneSimulator.ActiveCfg = Release|Any CPU
		{0FE69598-F65E-40D5-AED2-DD4DFE89A349}.AppStore|iPhoneSimulator.Build.0 = Release|Any CPU
		{0FE69598-F65E-40D5-AED2-DD4DFE89A349}.AppStore|iPhoneSimulator.Deploy.0 = Release|Any CPU
		{0FE69598-F65E-40D5-AED2-DD4DFE89A349}.AppStore|x64.ActiveCfg = Release|Any CPU
		{0FE69598-F65E-40D5-AED2-DD4DFE89A349}.AppStore|x64.Build.0 = Release|Any CPU
		{0FE69598-F65E-40D5-AED2-DD4DFE89A349}.AppStore|x64.Deploy.0 = Release|Any CPU
		{0FE69598-F65E-40D5-AED2-DD4DFE89A349}.AppStore|x86.ActiveCfg = Release|x86
		{0FE69598-F65E-40D5-AED2-DD4DFE89A349}.AppStore|x86.Build.0 = Release|x86
		{0FE69598-F65E-40D5-AED2-DD4DFE89A349}.AppStore|x86.Deploy.0 = Release|x86
		{0FE69598-F65E-40D5-AED2-DD4DFE89A349}.Debug|Any CPU.ActiveCfg = Debug|Any CPU
		{0FE69598-F65E-40D5-AED2-DD4DFE89A349}.Debug|Any CPU.Build.0 = Debug|Any CPU
		{0FE69598-F65E-40D5-AED2-DD4DFE89A349}.Debug|Any CPU.Deploy.0 = Debug|Any CPU
		{0FE69598-F65E-40D5-AED2-DD4DFE89A349}.Debug|ARM.ActiveCfg = Debug|ARM
		{0FE69598-F65E-40D5-AED2-DD4DFE89A349}.Debug|ARM.Build.0 = Debug|ARM
		{0FE69598-F65E-40D5-AED2-DD4DFE89A349}.Debug|ARM.Deploy.0 = Debug|ARM
		{0FE69598-F65E-40D5-AED2-DD4DFE89A349}.Debug|iPhone.ActiveCfg = Debug|Any CPU
		{0FE69598-F65E-40D5-AED2-DD4DFE89A349}.Debug|iPhone.Build.0 = Debug|Any CPU
		{0FE69598-F65E-40D5-AED2-DD4DFE89A349}.Debug|iPhone.Deploy.0 = Debug|Any CPU
		{0FE69598-F65E-40D5-AED2-DD4DFE89A349}.Debug|iPhoneSimulator.ActiveCfg = Debug|Any CPU
		{0FE69598-F65E-40D5-AED2-DD4DFE89A349}.Debug|iPhoneSimulator.Build.0 = Debug|Any CPU
		{0FE69598-F65E-40D5-AED2-DD4DFE89A349}.Debug|iPhoneSimulator.Deploy.0 = Debug|Any CPU
		{0FE69598-F65E-40D5-AED2-DD4DFE89A349}.Debug|x64.ActiveCfg = Debug|Any CPU
		{0FE69598-F65E-40D5-AED2-DD4DFE89A349}.Debug|x64.Build.0 = Debug|Any CPU
		{0FE69598-F65E-40D5-AED2-DD4DFE89A349}.Debug|x64.Deploy.0 = Debug|Any CPU
		{0FE69598-F65E-40D5-AED2-DD4DFE89A349}.Debug|x86.ActiveCfg = Debug|x86
		{0FE69598-F65E-40D5-AED2-DD4DFE89A349}.Debug|x86.Build.0 = Debug|x86
		{0FE69598-F65E-40D5-AED2-DD4DFE89A349}.Debug|x86.Deploy.0 = Debug|x86
		{0FE69598-F65E-40D5-AED2-DD4DFE89A349}.Release|Any CPU.ActiveCfg = Release|Any CPU
		{0FE69598-F65E-40D5-AED2-DD4DFE89A349}.Release|Any CPU.Build.0 = Release|Any CPU
		{0FE69598-F65E-40D5-AED2-DD4DFE89A349}.Release|Any CPU.Deploy.0 = Release|Any CPU
		{0FE69598-F65E-40D5-AED2-DD4DFE89A349}.Release|ARM.ActiveCfg = Release|ARM
		{0FE69598-F65E-40D5-AED2-DD4DFE89A349}.Release|ARM.Build.0 = Release|ARM
		{0FE69598-F65E-40D5-AED2-DD4DFE89A349}.Release|ARM.Deploy.0 = Release|ARM
		{0FE69598-F65E-40D5-AED2-DD4DFE89A349}.Release|iPhone.ActiveCfg = Release|Any CPU
		{0FE69598-F65E-40D5-AED2-DD4DFE89A349}.Release|iPhone.Build.0 = Release|Any CPU
		{0FE69598-F65E-40D5-AED2-DD4DFE89A349}.Release|iPhone.Deploy.0 = Release|Any CPU
		{0FE69598-F65E-40D5-AED2-DD4DFE89A349}.Release|iPhoneSimulator.ActiveCfg = Release|Any CPU
		{0FE69598-F65E-40D5-AED2-DD4DFE89A349}.Release|iPhoneSimulator.Build.0 = Release|Any CPU
		{0FE69598-F65E-40D5-AED2-DD4DFE89A349}.Release|iPhoneSimulator.Deploy.0 = Release|Any CPU
		{0FE69598-F65E-40D5-AED2-DD4DFE89A349}.Release|x64.ActiveCfg = Release|Any CPU
		{0FE69598-F65E-40D5-AED2-DD4DFE89A349}.Release|x64.Build.0 = Release|Any CPU
		{0FE69598-F65E-40D5-AED2-DD4DFE89A349}.Release|x64.Deploy.0 = Release|Any CPU
		{0FE69598-F65E-40D5-AED2-DD4DFE89A349}.Release|x86.ActiveCfg = Release|x86
		{0FE69598-F65E-40D5-AED2-DD4DFE89A349}.Release|x86.Build.0 = Release|x86
		{0FE69598-F65E-40D5-AED2-DD4DFE89A349}.Release|x86.Deploy.0 = Release|x86
		{5D82D966-3A54-4525-8C38-4E2B85AA00F2}.Ad-Hoc|Any CPU.ActiveCfg = Release|x86
		{5D82D966-3A54-4525-8C38-4E2B85AA00F2}.Ad-Hoc|Any CPU.Build.0 = Release|x86
		{5D82D966-3A54-4525-8C38-4E2B85AA00F2}.Ad-Hoc|Any CPU.Deploy.0 = Release|x86
		{5D82D966-3A54-4525-8C38-4E2B85AA00F2}.Ad-Hoc|ARM.ActiveCfg = Release|ARM
		{5D82D966-3A54-4525-8C38-4E2B85AA00F2}.Ad-Hoc|ARM.Build.0 = Release|ARM
		{5D82D966-3A54-4525-8C38-4E2B85AA00F2}.Ad-Hoc|ARM.Deploy.0 = Release|ARM
		{5D82D966-3A54-4525-8C38-4E2B85AA00F2}.Ad-Hoc|iPhone.ActiveCfg = Release|x86
		{5D82D966-3A54-4525-8C38-4E2B85AA00F2}.Ad-Hoc|iPhone.Build.0 = Release|x86
		{5D82D966-3A54-4525-8C38-4E2B85AA00F2}.Ad-Hoc|iPhone.Deploy.0 = Release|x86
		{5D82D966-3A54-4525-8C38-4E2B85AA00F2}.Ad-Hoc|iPhoneSimulator.ActiveCfg = Release|x86
		{5D82D966-3A54-4525-8C38-4E2B85AA00F2}.Ad-Hoc|iPhoneSimulator.Build.0 = Release|x86
		{5D82D966-3A54-4525-8C38-4E2B85AA00F2}.Ad-Hoc|iPhoneSimulator.Deploy.0 = Release|x86
		{5D82D966-3A54-4525-8C38-4E2B85AA00F2}.Ad-Hoc|x64.ActiveCfg = Release|x64
		{5D82D966-3A54-4525-8C38-4E2B85AA00F2}.Ad-Hoc|x64.Build.0 = Release|x64
		{5D82D966-3A54-4525-8C38-4E2B85AA00F2}.Ad-Hoc|x64.Deploy.0 = Release|x64
		{5D82D966-3A54-4525-8C38-4E2B85AA00F2}.Ad-Hoc|x86.ActiveCfg = Release|x86
		{5D82D966-3A54-4525-8C38-4E2B85AA00F2}.Ad-Hoc|x86.Build.0 = Release|x86
		{5D82D966-3A54-4525-8C38-4E2B85AA00F2}.Ad-Hoc|x86.Deploy.0 = Release|x86
		{5D82D966-3A54-4525-8C38-4E2B85AA00F2}.AppStore|Any CPU.ActiveCfg = Release|x86
		{5D82D966-3A54-4525-8C38-4E2B85AA00F2}.AppStore|Any CPU.Build.0 = Release|x86
		{5D82D966-3A54-4525-8C38-4E2B85AA00F2}.AppStore|Any CPU.Deploy.0 = Release|x86
		{5D82D966-3A54-4525-8C38-4E2B85AA00F2}.AppStore|ARM.ActiveCfg = Release|ARM
		{5D82D966-3A54-4525-8C38-4E2B85AA00F2}.AppStore|ARM.Build.0 = Release|ARM
		{5D82D966-3A54-4525-8C38-4E2B85AA00F2}.AppStore|ARM.Deploy.0 = Release|ARM
		{5D82D966-3A54-4525-8C38-4E2B85AA00F2}.AppStore|iPhone.ActiveCfg = Release|x86
		{5D82D966-3A54-4525-8C38-4E2B85AA00F2}.AppStore|iPhone.Build.0 = Release|x86
		{5D82D966-3A54-4525-8C38-4E2B85AA00F2}.AppStore|iPhone.Deploy.0 = Release|x86
		{5D82D966-3A54-4525-8C38-4E2B85AA00F2}.AppStore|iPhoneSimulator.ActiveCfg = Release|x86
		{5D82D966-3A54-4525-8C38-4E2B85AA00F2}.AppStore|iPhoneSimulator.Build.0 = Release|x86
		{5D82D966-3A54-4525-8C38-4E2B85AA00F2}.AppStore|iPhoneSimulator.Deploy.0 = Release|x86
		{5D82D966-3A54-4525-8C38-4E2B85AA00F2}.AppStore|x64.ActiveCfg = Release|x64
		{5D82D966-3A54-4525-8C38-4E2B85AA00F2}.AppStore|x64.Build.0 = Release|x64
		{5D82D966-3A54-4525-8C38-4E2B85AA00F2}.AppStore|x64.Deploy.0 = Release|x64
		{5D82D966-3A54-4525-8C38-4E2B85AA00F2}.AppStore|x86.ActiveCfg = Release|x86
		{5D82D966-3A54-4525-8C38-4E2B85AA00F2}.AppStore|x86.Build.0 = Release|x86
		{5D82D966-3A54-4525-8C38-4E2B85AA00F2}.AppStore|x86.Deploy.0 = Release|x86
		{5D82D966-3A54-4525-8C38-4E2B85AA00F2}.Debug|Any CPU.ActiveCfg = Debug|x86
		{5D82D966-3A54-4525-8C38-4E2B85AA00F2}.Debug|ARM.ActiveCfg = Debug|ARM
		{5D82D966-3A54-4525-8C38-4E2B85AA00F2}.Debug|ARM.Build.0 = Debug|ARM
		{5D82D966-3A54-4525-8C38-4E2B85AA00F2}.Debug|ARM.Deploy.0 = Debug|ARM
		{5D82D966-3A54-4525-8C38-4E2B85AA00F2}.Debug|iPhone.ActiveCfg = Debug|x86
		{5D82D966-3A54-4525-8C38-4E2B85AA00F2}.Debug|iPhoneSimulator.ActiveCfg = Debug|x86
		{5D82D966-3A54-4525-8C38-4E2B85AA00F2}.Debug|x64.ActiveCfg = Debug|x64
		{5D82D966-3A54-4525-8C38-4E2B85AA00F2}.Debug|x64.Build.0 = Debug|x64
		{5D82D966-3A54-4525-8C38-4E2B85AA00F2}.Debug|x64.Deploy.0 = Debug|x64
		{5D82D966-3A54-4525-8C38-4E2B85AA00F2}.Debug|x86.ActiveCfg = Debug|x86
		{5D82D966-3A54-4525-8C38-4E2B85AA00F2}.Debug|x86.Build.0 = Debug|x86
		{5D82D966-3A54-4525-8C38-4E2B85AA00F2}.Debug|x86.Deploy.0 = Debug|x86
		{5D82D966-3A54-4525-8C38-4E2B85AA00F2}.Release|Any CPU.ActiveCfg = Release|x86
		{5D82D966-3A54-4525-8C38-4E2B85AA00F2}.Release|ARM.ActiveCfg = Release|ARM
		{5D82D966-3A54-4525-8C38-4E2B85AA00F2}.Release|ARM.Build.0 = Release|ARM
		{5D82D966-3A54-4525-8C38-4E2B85AA00F2}.Release|ARM.Deploy.0 = Release|ARM
		{5D82D966-3A54-4525-8C38-4E2B85AA00F2}.Release|iPhone.ActiveCfg = Release|x86
		{5D82D966-3A54-4525-8C38-4E2B85AA00F2}.Release|iPhoneSimulator.ActiveCfg = Release|x86
		{5D82D966-3A54-4525-8C38-4E2B85AA00F2}.Release|x64.ActiveCfg = Release|x64
		{5D82D966-3A54-4525-8C38-4E2B85AA00F2}.Release|x64.Build.0 = Release|x64
		{5D82D966-3A54-4525-8C38-4E2B85AA00F2}.Release|x64.Deploy.0 = Release|x64
		{5D82D966-3A54-4525-8C38-4E2B85AA00F2}.Release|x86.ActiveCfg = Release|x86
		{5D82D966-3A54-4525-8C38-4E2B85AA00F2}.Release|x86.Build.0 = Release|x86
		{5D82D966-3A54-4525-8C38-4E2B85AA00F2}.Release|x86.Deploy.0 = Release|x86
		{814E6481-D20C-46D1-890A-CB7C9B4CAB86}.Ad-Hoc|Any CPU.ActiveCfg = Release|Any CPU
		{814E6481-D20C-46D1-890A-CB7C9B4CAB86}.Ad-Hoc|Any CPU.Build.0 = Release|Any CPU
		{814E6481-D20C-46D1-890A-CB7C9B4CAB86}.Ad-Hoc|Any CPU.Deploy.0 = Release|Any CPU
		{814E6481-D20C-46D1-890A-CB7C9B4CAB86}.Ad-Hoc|ARM.ActiveCfg = Release|ARM
		{814E6481-D20C-46D1-890A-CB7C9B4CAB86}.Ad-Hoc|ARM.Build.0 = Release|ARM
		{814E6481-D20C-46D1-890A-CB7C9B4CAB86}.Ad-Hoc|ARM.Deploy.0 = Release|ARM
		{814E6481-D20C-46D1-890A-CB7C9B4CAB86}.Ad-Hoc|iPhone.ActiveCfg = Release|Any CPU
		{814E6481-D20C-46D1-890A-CB7C9B4CAB86}.Ad-Hoc|iPhone.Build.0 = Release|Any CPU
		{814E6481-D20C-46D1-890A-CB7C9B4CAB86}.Ad-Hoc|iPhone.Deploy.0 = Release|Any CPU
		{814E6481-D20C-46D1-890A-CB7C9B4CAB86}.Ad-Hoc|iPhoneSimulator.ActiveCfg = Release|Any CPU
		{814E6481-D20C-46D1-890A-CB7C9B4CAB86}.Ad-Hoc|iPhoneSimulator.Build.0 = Release|Any CPU
		{814E6481-D20C-46D1-890A-CB7C9B4CAB86}.Ad-Hoc|iPhoneSimulator.Deploy.0 = Release|Any CPU
		{814E6481-D20C-46D1-890A-CB7C9B4CAB86}.Ad-Hoc|x64.ActiveCfg = Release|x64
		{814E6481-D20C-46D1-890A-CB7C9B4CAB86}.Ad-Hoc|x64.Build.0 = Release|x64
		{814E6481-D20C-46D1-890A-CB7C9B4CAB86}.Ad-Hoc|x64.Deploy.0 = Release|x64
		{814E6481-D20C-46D1-890A-CB7C9B4CAB86}.Ad-Hoc|x86.ActiveCfg = Release|x86
		{814E6481-D20C-46D1-890A-CB7C9B4CAB86}.Ad-Hoc|x86.Build.0 = Release|x86
		{814E6481-D20C-46D1-890A-CB7C9B4CAB86}.Ad-Hoc|x86.Deploy.0 = Release|x86
		{814E6481-D20C-46D1-890A-CB7C9B4CAB86}.AppStore|Any CPU.ActiveCfg = Release|Any CPU
		{814E6481-D20C-46D1-890A-CB7C9B4CAB86}.AppStore|Any CPU.Build.0 = Release|Any CPU
		{814E6481-D20C-46D1-890A-CB7C9B4CAB86}.AppStore|Any CPU.Deploy.0 = Release|Any CPU
		{814E6481-D20C-46D1-890A-CB7C9B4CAB86}.AppStore|ARM.ActiveCfg = Release|ARM
		{814E6481-D20C-46D1-890A-CB7C9B4CAB86}.AppStore|ARM.Build.0 = Release|ARM
		{814E6481-D20C-46D1-890A-CB7C9B4CAB86}.AppStore|ARM.Deploy.0 = Release|ARM
		{814E6481-D20C-46D1-890A-CB7C9B4CAB86}.AppStore|iPhone.ActiveCfg = Release|Any CPU
		{814E6481-D20C-46D1-890A-CB7C9B4CAB86}.AppStore|iPhone.Build.0 = Release|Any CPU
		{814E6481-D20C-46D1-890A-CB7C9B4CAB86}.AppStore|iPhone.Deploy.0 = Release|Any CPU
		{814E6481-D20C-46D1-890A-CB7C9B4CAB86}.AppStore|iPhoneSimulator.ActiveCfg = Release|Any CPU
		{814E6481-D20C-46D1-890A-CB7C9B4CAB86}.AppStore|iPhoneSimulator.Build.0 = Release|Any CPU
		{814E6481-D20C-46D1-890A-CB7C9B4CAB86}.AppStore|iPhoneSimulator.Deploy.0 = Release|Any CPU
		{814E6481-D20C-46D1-890A-CB7C9B4CAB86}.AppStore|x64.ActiveCfg = Release|x64
		{814E6481-D20C-46D1-890A-CB7C9B4CAB86}.AppStore|x64.Build.0 = Release|x64
		{814E6481-D20C-46D1-890A-CB7C9B4CAB86}.AppStore|x64.Deploy.0 = Release|x64
		{814E6481-D20C-46D1-890A-CB7C9B4CAB86}.AppStore|x86.ActiveCfg = Release|x86
		{814E6481-D20C-46D1-890A-CB7C9B4CAB86}.AppStore|x86.Build.0 = Release|x86
		{814E6481-D20C-46D1-890A-CB7C9B4CAB86}.AppStore|x86.Deploy.0 = Release|x86
		{814E6481-D20C-46D1-890A-CB7C9B4CAB86}.Debug|Any CPU.ActiveCfg = Debug|Any CPU
		{814E6481-D20C-46D1-890A-CB7C9B4CAB86}.Debug|Any CPU.Build.0 = Debug|Any CPU
		{814E6481-D20C-46D1-890A-CB7C9B4CAB86}.Debug|Any CPU.Deploy.0 = Debug|Any CPU
		{814E6481-D20C-46D1-890A-CB7C9B4CAB86}.Debug|ARM.ActiveCfg = Debug|ARM
		{814E6481-D20C-46D1-890A-CB7C9B4CAB86}.Debug|ARM.Build.0 = Debug|ARM
		{814E6481-D20C-46D1-890A-CB7C9B4CAB86}.Debug|ARM.Deploy.0 = Debug|ARM
		{814E6481-D20C-46D1-890A-CB7C9B4CAB86}.Debug|iPhone.ActiveCfg = Debug|Any CPU
		{814E6481-D20C-46D1-890A-CB7C9B4CAB86}.Debug|iPhone.Build.0 = Debug|Any CPU
		{814E6481-D20C-46D1-890A-CB7C9B4CAB86}.Debug|iPhone.Deploy.0 = Debug|Any CPU
		{814E6481-D20C-46D1-890A-CB7C9B4CAB86}.Debug|iPhoneSimulator.ActiveCfg = Debug|Any CPU
		{814E6481-D20C-46D1-890A-CB7C9B4CAB86}.Debug|iPhoneSimulator.Build.0 = Debug|Any CPU
		{814E6481-D20C-46D1-890A-CB7C9B4CAB86}.Debug|iPhoneSimulator.Deploy.0 = Debug|Any CPU
		{814E6481-D20C-46D1-890A-CB7C9B4CAB86}.Debug|x64.ActiveCfg = Debug|x64
		{814E6481-D20C-46D1-890A-CB7C9B4CAB86}.Debug|x64.Build.0 = Debug|x64
		{814E6481-D20C-46D1-890A-CB7C9B4CAB86}.Debug|x64.Deploy.0 = Debug|x64
		{814E6481-D20C-46D1-890A-CB7C9B4CAB86}.Debug|x86.ActiveCfg = Debug|x86
		{814E6481-D20C-46D1-890A-CB7C9B4CAB86}.Debug|x86.Build.0 = Debug|x86
		{814E6481-D20C-46D1-890A-CB7C9B4CAB86}.Debug|x86.Deploy.0 = Debug|x86
		{814E6481-D20C-46D1-890A-CB7C9B4CAB86}.Release|Any CPU.ActiveCfg = Release|Any CPU
		{814E6481-D20C-46D1-890A-CB7C9B4CAB86}.Release|Any CPU.Build.0 = Release|Any CPU
		{814E6481-D20C-46D1-890A-CB7C9B4CAB86}.Release|Any CPU.Deploy.0 = Release|Any CPU
		{814E6481-D20C-46D1-890A-CB7C9B4CAB86}.Release|ARM.ActiveCfg = Release|ARM
		{814E6481-D20C-46D1-890A-CB7C9B4CAB86}.Release|ARM.Build.0 = Release|ARM
		{814E6481-D20C-46D1-890A-CB7C9B4CAB86}.Release|ARM.Deploy.0 = Release|ARM
		{814E6481-D20C-46D1-890A-CB7C9B4CAB86}.Release|iPhone.ActiveCfg = Release|Any CPU
		{814E6481-D20C-46D1-890A-CB7C9B4CAB86}.Release|iPhone.Build.0 = Release|Any CPU
		{814E6481-D20C-46D1-890A-CB7C9B4CAB86}.Release|iPhone.Deploy.0 = Release|Any CPU
		{814E6481-D20C-46D1-890A-CB7C9B4CAB86}.Release|iPhoneSimulator.ActiveCfg = Release|Any CPU
		{814E6481-D20C-46D1-890A-CB7C9B4CAB86}.Release|iPhoneSimulator.Build.0 = Release|Any CPU
		{814E6481-D20C-46D1-890A-CB7C9B4CAB86}.Release|iPhoneSimulator.Deploy.0 = Release|Any CPU
		{814E6481-D20C-46D1-890A-CB7C9B4CAB86}.Release|x64.ActiveCfg = Release|x64
		{814E6481-D20C-46D1-890A-CB7C9B4CAB86}.Release|x64.Build.0 = Release|x64
		{814E6481-D20C-46D1-890A-CB7C9B4CAB86}.Release|x64.Deploy.0 = Release|x64
		{814E6481-D20C-46D1-890A-CB7C9B4CAB86}.Release|x86.ActiveCfg = Release|x86
		{814E6481-D20C-46D1-890A-CB7C9B4CAB86}.Release|x86.Build.0 = Release|x86
		{814E6481-D20C-46D1-890A-CB7C9B4CAB86}.Release|x86.Deploy.0 = Release|x86
		{90224353-E8A8-4433-9185-3FCCB9F50862}.Ad-Hoc|Any CPU.ActiveCfg = Release|Any CPU
		{90224353-E8A8-4433-9185-3FCCB9F50862}.Ad-Hoc|Any CPU.Build.0 = Release|Any CPU
		{90224353-E8A8-4433-9185-3FCCB9F50862}.Ad-Hoc|ARM.ActiveCfg = Release|Any CPU
		{90224353-E8A8-4433-9185-3FCCB9F50862}.Ad-Hoc|ARM.Build.0 = Release|Any CPU
		{90224353-E8A8-4433-9185-3FCCB9F50862}.Ad-Hoc|iPhone.ActiveCfg = Release|Any CPU
		{90224353-E8A8-4433-9185-3FCCB9F50862}.Ad-Hoc|iPhone.Build.0 = Release|Any CPU
		{90224353-E8A8-4433-9185-3FCCB9F50862}.Ad-Hoc|iPhoneSimulator.ActiveCfg = Release|Any CPU
		{90224353-E8A8-4433-9185-3FCCB9F50862}.Ad-Hoc|iPhoneSimulator.Build.0 = Release|Any CPU
		{90224353-E8A8-4433-9185-3FCCB9F50862}.Ad-Hoc|x64.ActiveCfg = Release|Any CPU
		{90224353-E8A8-4433-9185-3FCCB9F50862}.Ad-Hoc|x64.Build.0 = Release|Any CPU
		{90224353-E8A8-4433-9185-3FCCB9F50862}.Ad-Hoc|x86.ActiveCfg = Release|Any CPU
		{90224353-E8A8-4433-9185-3FCCB9F50862}.Ad-Hoc|x86.Build.0 = Release|Any CPU
		{90224353-E8A8-4433-9185-3FCCB9F50862}.AppStore|Any CPU.ActiveCfg = Release|Any CPU
		{90224353-E8A8-4433-9185-3FCCB9F50862}.AppStore|Any CPU.Build.0 = Release|Any CPU
		{90224353-E8A8-4433-9185-3FCCB9F50862}.AppStore|ARM.ActiveCfg = Release|Any CPU
		{90224353-E8A8-4433-9185-3FCCB9F50862}.AppStore|ARM.Build.0 = Release|Any CPU
		{90224353-E8A8-4433-9185-3FCCB9F50862}.AppStore|iPhone.ActiveCfg = Release|Any CPU
		{90224353-E8A8-4433-9185-3FCCB9F50862}.AppStore|iPhone.Build.0 = Release|Any CPU
		{90224353-E8A8-4433-9185-3FCCB9F50862}.AppStore|iPhoneSimulator.ActiveCfg = Release|Any CPU
		{90224353-E8A8-4433-9185-3FCCB9F50862}.AppStore|iPhoneSimulator.Build.0 = Release|Any CPU
		{90224353-E8A8-4433-9185-3FCCB9F50862}.AppStore|x64.ActiveCfg = Release|Any CPU
		{90224353-E8A8-4433-9185-3FCCB9F50862}.AppStore|x64.Build.0 = Release|Any CPU
		{90224353-E8A8-4433-9185-3FCCB9F50862}.AppStore|x86.ActiveCfg = Release|Any CPU
		{90224353-E8A8-4433-9185-3FCCB9F50862}.AppStore|x86.Build.0 = Release|Any CPU
		{90224353-E8A8-4433-9185-3FCCB9F50862}.Debug|Any CPU.ActiveCfg = Debug|Any CPU
		{90224353-E8A8-4433-9185-3FCCB9F50862}.Debug|Any CPU.Build.0 = Debug|Any CPU
		{90224353-E8A8-4433-9185-3FCCB9F50862}.Debug|ARM.ActiveCfg = Debug|Any CPU
		{90224353-E8A8-4433-9185-3FCCB9F50862}.Debug|ARM.Build.0 = Debug|Any CPU
		{90224353-E8A8-4433-9185-3FCCB9F50862}.Debug|iPhone.ActiveCfg = Debug|Any CPU
		{90224353-E8A8-4433-9185-3FCCB9F50862}.Debug|iPhone.Build.0 = Debug|Any CPU
		{90224353-E8A8-4433-9185-3FCCB9F50862}.Debug|iPhoneSimulator.ActiveCfg = Debug|Any CPU
		{90224353-E8A8-4433-9185-3FCCB9F50862}.Debug|iPhoneSimulator.Build.0 = Debug|Any CPU
		{90224353-E8A8-4433-9185-3FCCB9F50862}.Debug|x64.ActiveCfg = Debug|Any CPU
		{90224353-E8A8-4433-9185-3FCCB9F50862}.Debug|x64.Build.0 = Debug|Any CPU
		{90224353-E8A8-4433-9185-3FCCB9F50862}.Debug|x86.ActiveCfg = Debug|Any CPU
		{90224353-E8A8-4433-9185-3FCCB9F50862}.Debug|x86.Build.0 = Debug|Any CPU
		{90224353-E8A8-4433-9185-3FCCB9F50862}.Release|Any CPU.ActiveCfg = Release|Any CPU
		{90224353-E8A8-4433-9185-3FCCB9F50862}.Release|Any CPU.Build.0 = Release|Any CPU
		{90224353-E8A8-4433-9185-3FCCB9F50862}.Release|ARM.ActiveCfg = Release|Any CPU
		{90224353-E8A8-4433-9185-3FCCB9F50862}.Release|ARM.Build.0 = Release|Any CPU
		{90224353-E8A8-4433-9185-3FCCB9F50862}.Release|iPhone.ActiveCfg = Release|Any CPU
		{90224353-E8A8-4433-9185-3FCCB9F50862}.Release|iPhone.Build.0 = Release|Any CPU
		{90224353-E8A8-4433-9185-3FCCB9F50862}.Release|iPhoneSimulator.ActiveCfg = Release|Any CPU
		{90224353-E8A8-4433-9185-3FCCB9F50862}.Release|iPhoneSimulator.Build.0 = Release|Any CPU
		{90224353-E8A8-4433-9185-3FCCB9F50862}.Release|x64.ActiveCfg = Release|Any CPU
		{90224353-E8A8-4433-9185-3FCCB9F50862}.Release|x64.Build.0 = Release|Any CPU
		{90224353-E8A8-4433-9185-3FCCB9F50862}.Release|x86.ActiveCfg = Release|Any CPU
		{90224353-E8A8-4433-9185-3FCCB9F50862}.Release|x86.Build.0 = Release|Any CPU
		{9F077FCB-B65D-407D-8C23-1B02260A40C9}.Ad-Hoc|Any CPU.ActiveCfg = Release|Any CPU
		{9F077FCB-B65D-407D-8C23-1B02260A40C9}.Ad-Hoc|Any CPU.Build.0 = Release|Any CPU
		{9F077FCB-B65D-407D-8C23-1B02260A40C9}.Ad-Hoc|ARM.ActiveCfg = Release|Any CPU
		{9F077FCB-B65D-407D-8C23-1B02260A40C9}.Ad-Hoc|ARM.Build.0 = Release|Any CPU
		{9F077FCB-B65D-407D-8C23-1B02260A40C9}.Ad-Hoc|iPhone.ActiveCfg = Release|Any CPU
		{9F077FCB-B65D-407D-8C23-1B02260A40C9}.Ad-Hoc|iPhone.Build.0 = Release|Any CPU
		{9F077FCB-B65D-407D-8C23-1B02260A40C9}.Ad-Hoc|iPhoneSimulator.ActiveCfg = Release|Any CPU
		{9F077FCB-B65D-407D-8C23-1B02260A40C9}.Ad-Hoc|iPhoneSimulator.Build.0 = Release|Any CPU
		{9F077FCB-B65D-407D-8C23-1B02260A40C9}.Ad-Hoc|x64.ActiveCfg = Release|Any CPU
		{9F077FCB-B65D-407D-8C23-1B02260A40C9}.Ad-Hoc|x64.Build.0 = Release|Any CPU
		{9F077FCB-B65D-407D-8C23-1B02260A40C9}.Ad-Hoc|x86.ActiveCfg = Release|Any CPU
		{9F077FCB-B65D-407D-8C23-1B02260A40C9}.Ad-Hoc|x86.Build.0 = Release|Any CPU
		{9F077FCB-B65D-407D-8C23-1B02260A40C9}.AppStore|Any CPU.ActiveCfg = Release|Any CPU
		{9F077FCB-B65D-407D-8C23-1B02260A40C9}.AppStore|Any CPU.Build.0 = Release|Any CPU
		{9F077FCB-B65D-407D-8C23-1B02260A40C9}.AppStore|ARM.ActiveCfg = Release|Any CPU
		{9F077FCB-B65D-407D-8C23-1B02260A40C9}.AppStore|ARM.Build.0 = Release|Any CPU
		{9F077FCB-B65D-407D-8C23-1B02260A40C9}.AppStore|iPhone.ActiveCfg = Release|Any CPU
		{9F077FCB-B65D-407D-8C23-1B02260A40C9}.AppStore|iPhone.Build.0 = Release|Any CPU
		{9F077FCB-B65D-407D-8C23-1B02260A40C9}.AppStore|iPhoneSimulator.ActiveCfg = Release|Any CPU
		{9F077FCB-B65D-407D-8C23-1B02260A40C9}.AppStore|iPhoneSimulator.Build.0 = Release|Any CPU
		{9F077FCB-B65D-407D-8C23-1B02260A40C9}.AppStore|x64.ActiveCfg = Release|Any CPU
		{9F077FCB-B65D-407D-8C23-1B02260A40C9}.AppStore|x64.Build.0 = Release|Any CPU
		{9F077FCB-B65D-407D-8C23-1B02260A40C9}.AppStore|x86.ActiveCfg = Release|Any CPU
		{9F077FCB-B65D-407D-8C23-1B02260A40C9}.AppStore|x86.Build.0 = Release|Any CPU
		{9F077FCB-B65D-407D-8C23-1B02260A40C9}.Debug|Any CPU.ActiveCfg = Debug|Any CPU
		{9F077FCB-B65D-407D-8C23-1B02260A40C9}.Debug|Any CPU.Build.0 = Debug|Any CPU
		{9F077FCB-B65D-407D-8C23-1B02260A40C9}.Debug|ARM.ActiveCfg = Debug|Any CPU
		{9F077FCB-B65D-407D-8C23-1B02260A40C9}.Debug|ARM.Build.0 = Debug|Any CPU
		{9F077FCB-B65D-407D-8C23-1B02260A40C9}.Debug|iPhone.ActiveCfg = Debug|Any CPU
		{9F077FCB-B65D-407D-8C23-1B02260A40C9}.Debug|iPhone.Build.0 = Debug|Any CPU
		{9F077FCB-B65D-407D-8C23-1B02260A40C9}.Debug|iPhoneSimulator.ActiveCfg = Debug|Any CPU
		{9F077FCB-B65D-407D-8C23-1B02260A40C9}.Debug|iPhoneSimulator.Build.0 = Debug|Any CPU
		{9F077FCB-B65D-407D-8C23-1B02260A40C9}.Debug|x64.ActiveCfg = Debug|Any CPU
		{9F077FCB-B65D-407D-8C23-1B02260A40C9}.Debug|x64.Build.0 = Debug|Any CPU
		{9F077FCB-B65D-407D-8C23-1B02260A40C9}.Debug|x86.ActiveCfg = Debug|Any CPU
		{9F077FCB-B65D-407D-8C23-1B02260A40C9}.Debug|x86.Build.0 = Debug|Any CPU
		{9F077FCB-B65D-407D-8C23-1B02260A40C9}.Release|Any CPU.ActiveCfg = Release|Any CPU
		{9F077FCB-B65D-407D-8C23-1B02260A40C9}.Release|Any CPU.Build.0 = Release|Any CPU
		{9F077FCB-B65D-407D-8C23-1B02260A40C9}.Release|ARM.ActiveCfg = Release|Any CPU
		{9F077FCB-B65D-407D-8C23-1B02260A40C9}.Release|ARM.Build.0 = Release|Any CPU
		{9F077FCB-B65D-407D-8C23-1B02260A40C9}.Release|iPhone.ActiveCfg = Release|Any CPU
		{9F077FCB-B65D-407D-8C23-1B02260A40C9}.Release|iPhone.Build.0 = Release|Any CPU
		{9F077FCB-B65D-407D-8C23-1B02260A40C9}.Release|iPhoneSimulator.ActiveCfg = Release|Any CPU
		{9F077FCB-B65D-407D-8C23-1B02260A40C9}.Release|iPhoneSimulator.Build.0 = Release|Any CPU
		{9F077FCB-B65D-407D-8C23-1B02260A40C9}.Release|x64.ActiveCfg = Release|Any CPU
		{9F077FCB-B65D-407D-8C23-1B02260A40C9}.Release|x64.Build.0 = Release|Any CPU
		{9F077FCB-B65D-407D-8C23-1B02260A40C9}.Release|x86.ActiveCfg = Release|Any CPU
		{9F077FCB-B65D-407D-8C23-1B02260A40C9}.Release|x86.Build.0 = Release|Any CPU
		{4B6A7242-35F0-49C3-A712-9935011248FF}.Ad-Hoc|Any CPU.ActiveCfg = Release|Any CPU
		{4B6A7242-35F0-49C3-A712-9935011248FF}.Ad-Hoc|Any CPU.Build.0 = Release|Any CPU
		{4B6A7242-35F0-49C3-A712-9935011248FF}.Ad-Hoc|ARM.ActiveCfg = Release|Any CPU
		{4B6A7242-35F0-49C3-A712-9935011248FF}.Ad-Hoc|ARM.Build.0 = Release|Any CPU
		{4B6A7242-35F0-49C3-A712-9935011248FF}.Ad-Hoc|iPhone.ActiveCfg = Release|Any CPU
		{4B6A7242-35F0-49C3-A712-9935011248FF}.Ad-Hoc|iPhone.Build.0 = Release|Any CPU
		{4B6A7242-35F0-49C3-A712-9935011248FF}.Ad-Hoc|iPhoneSimulator.ActiveCfg = Release|Any CPU
		{4B6A7242-35F0-49C3-A712-9935011248FF}.Ad-Hoc|iPhoneSimulator.Build.0 = Release|Any CPU
		{4B6A7242-35F0-49C3-A712-9935011248FF}.Ad-Hoc|x64.ActiveCfg = Release|Any CPU
		{4B6A7242-35F0-49C3-A712-9935011248FF}.Ad-Hoc|x64.Build.0 = Release|Any CPU
		{4B6A7242-35F0-49C3-A712-9935011248FF}.Ad-Hoc|x86.ActiveCfg = Release|Any CPU
		{4B6A7242-35F0-49C3-A712-9935011248FF}.Ad-Hoc|x86.Build.0 = Release|Any CPU
		{4B6A7242-35F0-49C3-A712-9935011248FF}.AppStore|Any CPU.ActiveCfg = Release|Any CPU
		{4B6A7242-35F0-49C3-A712-9935011248FF}.AppStore|Any CPU.Build.0 = Release|Any CPU
		{4B6A7242-35F0-49C3-A712-9935011248FF}.AppStore|ARM.ActiveCfg = Release|Any CPU
		{4B6A7242-35F0-49C3-A712-9935011248FF}.AppStore|ARM.Build.0 = Release|Any CPU
		{4B6A7242-35F0-49C3-A712-9935011248FF}.AppStore|iPhone.ActiveCfg = Release|Any CPU
		{4B6A7242-35F0-49C3-A712-9935011248FF}.AppStore|iPhone.Build.0 = Release|Any CPU
		{4B6A7242-35F0-49C3-A712-9935011248FF}.AppStore|iPhoneSimulator.ActiveCfg = Release|Any CPU
		{4B6A7242-35F0-49C3-A712-9935011248FF}.AppStore|iPhoneSimulator.Build.0 = Release|Any CPU
		{4B6A7242-35F0-49C3-A712-9935011248FF}.AppStore|x64.ActiveCfg = Release|Any CPU
		{4B6A7242-35F0-49C3-A712-9935011248FF}.AppStore|x64.Build.0 = Release|Any CPU
		{4B6A7242-35F0-49C3-A712-9935011248FF}.AppStore|x86.ActiveCfg = Release|Any CPU
		{4B6A7242-35F0-49C3-A712-9935011248FF}.AppStore|x86.Build.0 = Release|Any CPU
		{4B6A7242-35F0-49C3-A712-9935011248FF}.Debug|Any CPU.ActiveCfg = Debug|Any CPU
		{4B6A7242-35F0-49C3-A712-9935011248FF}.Debug|Any CPU.Build.0 = Debug|Any CPU
		{4B6A7242-35F0-49C3-A712-9935011248FF}.Debug|ARM.ActiveCfg = Debug|Any CPU
		{4B6A7242-35F0-49C3-A712-9935011248FF}.Debug|ARM.Build.0 = Debug|Any CPU
		{4B6A7242-35F0-49C3-A712-9935011248FF}.Debug|iPhone.ActiveCfg = Debug|Any CPU
		{4B6A7242-35F0-49C3-A712-9935011248FF}.Debug|iPhone.Build.0 = Debug|Any CPU
		{4B6A7242-35F0-49C3-A712-9935011248FF}.Debug|iPhoneSimulator.ActiveCfg = Debug|Any CPU
		{4B6A7242-35F0-49C3-A712-9935011248FF}.Debug|iPhoneSimulator.Build.0 = Debug|Any CPU
		{4B6A7242-35F0-49C3-A712-9935011248FF}.Debug|x64.ActiveCfg = Debug|Any CPU
		{4B6A7242-35F0-49C3-A712-9935011248FF}.Debug|x64.Build.0 = Debug|Any CPU
		{4B6A7242-35F0-49C3-A712-9935011248FF}.Debug|x86.ActiveCfg = Debug|Any CPU
		{4B6A7242-35F0-49C3-A712-9935011248FF}.Debug|x86.Build.0 = Debug|Any CPU
		{4B6A7242-35F0-49C3-A712-9935011248FF}.Release|Any CPU.ActiveCfg = Release|Any CPU
		{4B6A7242-35F0-49C3-A712-9935011248FF}.Release|Any CPU.Build.0 = Release|Any CPU
		{4B6A7242-35F0-49C3-A712-9935011248FF}.Release|ARM.ActiveCfg = Release|Any CPU
		{4B6A7242-35F0-49C3-A712-9935011248FF}.Release|ARM.Build.0 = Release|Any CPU
		{4B6A7242-35F0-49C3-A712-9935011248FF}.Release|iPhone.ActiveCfg = Release|Any CPU
		{4B6A7242-35F0-49C3-A712-9935011248FF}.Release|iPhone.Build.0 = Release|Any CPU
		{4B6A7242-35F0-49C3-A712-9935011248FF}.Release|iPhoneSimulator.ActiveCfg = Release|Any CPU
		{4B6A7242-35F0-49C3-A712-9935011248FF}.Release|iPhoneSimulator.Build.0 = Release|Any CPU
		{4B6A7242-35F0-49C3-A712-9935011248FF}.Release|x64.ActiveCfg = Release|Any CPU
		{4B6A7242-35F0-49C3-A712-9935011248FF}.Release|x64.Build.0 = Release|Any CPU
		{4B6A7242-35F0-49C3-A712-9935011248FF}.Release|x86.ActiveCfg = Release|Any CPU
		{4B6A7242-35F0-49C3-A712-9935011248FF}.Release|x86.Build.0 = Release|Any CPU
	EndGlobalSection
	GlobalSection(SolutionProperties) = preSolution
		HideSolutionNode = FALSE
	EndGlobalSection
EndGlobal
